
Microsoft Visual Studio Solution File, Format Version 12.00
# Visual Studio Version 17
VisualStudioVersion = 17.14.36518.9 d17.14
MinimumVisualStudioVersion = 10.0.40219.1
Project("{FAE04EC0-301F-11D3-BF4B-00C04F79EFBC}") = "MatrixInversion", "MatrixInversion\MatrixInversion.csproj", "{CFBD192D-7A77-466D-BE4D-A392E470ACC7}"
EndProject
Global
	GlobalSection(SolutionConfigurationPlatforms) = preSolution
		Debug|Any CPU = Debug|Any CPU
		Release|Any CPU = Release|Any CPU
	EndGlobalSection
	GlobalSection(ProjectConfigurationPlatforms) = postSolution
		{CFBD192D-7A77-466D-BE4D-A392E470ACC7}.Debug|Any CPU.ActiveCfg = Debug|Any CPU
		{CFBD192D-7A77-466D-BE4D-A392E470ACC7}.Debug|Any CPU.Build.0 = Debug|Any CPU
		{CFBD192D-7A77-466D-BE4D-A392E470ACC7}.Release|Any CPU.ActiveCfg = Release|Any CPU
		{CFBD192D-7A77-466D-BE4D-A392E470ACC7}.Release|Any CPU.Build.0 = Release|Any CPU
	EndGlobalSection
	GlobalSection(SolutionProperties) = preSolution
		HideSolutionNode = FALSE
	EndGlobalSection
	GlobalSection(ExtensibilityGlobals) = postSolution
		SolutionGuid = {6BD02795-495B-4C7D-90A5-242CABB31FFA}
	EndGlobalSection
EndGlobal
